// !$*UTF8*$!
{
	archiveVersion = 1;
	classes = {
	};
	objectVersion = 77;
	objects = {

/* Begin PBXBuildFile section */
		FA3407B02DD3AD8500E52BF1 /* FontExtension.swift in Sources */ = {isa = PBXBuildFile; fileRef = FA3407AB2DD3AD8500E52BF1 /* FontExtension.swift */; };
		FA3407B12DD3AD8500E52BF1 /* ShadowExtension.swift in Sources */ = {isa = PBXBuildFile; fileRef = FA3407AE2DD3AD8500E52BF1 /* ShadowExtension.swift */; };
		FA3407B22DD3AD8500E52BF1 /* AppMeasures.swift in Sources */ = {isa = PBXBuildFile; fileRef = FA3407A82DD3AD8500E52BF1 /* AppMeasures.swift */; };
		FA3407B32DD3AD8500E52BF1 /* ColorExtension.swift in Sources */ = {isa = PBXBuildFile; fileRef = FA3407AA2DD3AD8500E52BF1 /* ColorExtension.swift */; };
		FA3407B42DD3AD8500E52BF1 /* BorderExtension.swift in Sources */ = {isa = PBXBuildFile; fileRef = FA3407A92DD3AD8500E52BF1 /* BorderExtension.swift */; };
		FA3407B52DD3AD8500E52BF1 /* GradientExtension.swift in Sources */ = {isa = PBXBuildFile; fileRef = FA3407AC2DD3AD8500E52BF1 /* GradientExtension.swift */; };
		FA3407B62DD3AD8500E52BF1 /* RadiusExtension.swift in Sources */ = {isa = PBXBuildFile; fileRef = FA3407AD2DD3AD8500E52BF1 /* RadiusExtension.swift */; };
/* End PBXBuildFile section */

/* Begin PBXContainerItemProxy section */
		FAF1AC942DC036F3002E815B /* PBXContainerItemProxy */ = {
			isa = PBXContainerItemProxy;
			containerPortal = FAF1AC7E2DC036F2002E815B /* Project object */;
			proxyType = 1;
			remoteGlobalIDString = FAF1AC852DC036F2002E815B;
			remoteInfo = "Design System Test";
		};
		FAF1AC9E2DC036F3002E815B /* PBXContainerItemProxy */ = {
			isa = PBXContainerItemProxy;
			containerPortal = FAF1AC7E2DC036F2002E815B /* Project object */;
			proxyType = 1;
			remoteGlobalIDString = FAF1AC852DC036F2002E815B;
			remoteInfo = "Design System Test";
		};
/* End PBXContainerItemProxy section */

/* Begin PBXFileReference section */
		FA3407A82DD3AD8500E52BF1 /* AppMeasures.swift */ = {isa = PBXFileReference; lastKnownFileType = sourcecode.swift; path = AppMeasures.swift; sourceTree = "<group>"; };
		FA3407A92DD3AD8500E52BF1 /* BorderExtension.swift */ = {isa = PBXFileReference; lastKnownFileType = sourcecode.swift; path = BorderExtension.swift; sourceTree = "<group>"; };
		FA3407AA2DD3AD8500E52BF1 /* ColorExtension.swift */ = {isa = PBXFileReference; lastKnownFileType = sourcecode.swift; path = ColorExtension.swift; sourceTree = "<group>"; };
		FA3407AB2DD3AD8500E52BF1 /* FontExtension.swift */ = {isa = PBXFileReference; lastKnownFileType = sourcecode.swift; path = FontExtension.swift; sourceTree = "<group>"; };
		FA3407AC2DD3AD8500E52BF1 /* GradientExtension.swift */ = {isa = PBXFileReference; lastKnownFileType = sourcecode.swift; path = GradientExtension.swift; sourceTree = "<group>"; };
		FA3407AD2DD3AD8500E52BF1 /* RadiusExtension.swift */ = {isa = PBXFileReference; lastKnownFileType = sourcecode.swift; path = RadiusExtension.swift; sourceTree = "<group>"; };
		FA3407AE2DD3AD8500E52BF1 /* ShadowExtension.swift */ = {isa = PBXFileReference; lastKnownFileType = sourcecode.swift; path = ShadowExtension.swift; sourceTree = "<group>"; };
		FAF1AC862DC036F2002E815B /* Design System Test.app */ = {isa = PBXFileReference; explicitFileType = wrapper.application; includeInIndex = 0; path = "Design System Test.app"; sourceTree = BUILT_PRODUCTS_DIR; };
		FAF1AC932DC036F3002E815B /* Design System TestTests.xctest */ = {isa = PBXFileReference; explicitFileType = wrapper.cfbundle; includeInIndex = 0; path = "Design System TestTests.xctest"; sourceTree = BUILT_PRODUCTS_DIR; };
		FAF1AC9D2DC036F3002E815B /* Design System TestUITests.xctest */ = {isa = PBXFileReference; explicitFileType = wrapper.cfbundle; includeInIndex = 0; path = "Design System TestUITests.xctest"; sourceTree = BUILT_PRODUCTS_DIR; };
/* End PBXFileReference section */

/* Begin PBXFileSystemSynchronizedRootGroup section */
		FAF1AC882DC036F2002E815B /* Design System Test */ = {
			isa = PBXFileSystemSynchronizedRootGroup;
			path = "Design System Test";
			sourceTree = "<group>";
		};
		FAF1AC962DC036F3002E815B /* Design System TestTests */ = {
			isa = PBXFileSystemSynchronizedRootGroup;
			path = "Design System TestTests";
			sourceTree = "<group>";
		};
		FAF1ACA02DC036F3002E815B /* Design System TestUITests */ = {
			isa = PBXFileSystemSynchronizedRootGroup;
			path = "Design System TestUITests";
			sourceTree = "<group>";
		};
/* End PBXFileSystemSynchronizedRootGroup section */

/* Begin PBXFrameworksBuildPhase section */
		FAF1AC832DC036F2002E815B /* Frameworks */ = {
			isa = PBXFrameworksBuildPhase;
			buildActionMask = 2147483647;
			files = (
			);
			runOnlyForDeploymentPostprocessing = 0;
		};
		FAF1AC902DC036F3002E815B /* Frameworks */ = {
			isa = PBXFrameworksBuildPhase;
			buildActionMask = 2147483647;
			files = (
			);
			runOnlyForDeploymentPostprocessing = 0;
		};
		FAF1AC9A2DC036F3002E815B /* Frameworks */ = {
			isa = PBXFrameworksBuildPhase;
			buildActionMask = 2147483647;
			files = (
			);
			runOnlyForDeploymentPostprocessing = 0;
		};
/* End PBXFrameworksBuildPhase section */

/* Begin PBXGroup section */
		FA3407AF2DD3AD8500E52BF1 /* Styles */ = {
			isa = PBXGroup;
			children = (
				FA3407A82DD3AD8500E52BF1 /* AppMeasures.swift */,
				FA3407A92DD3AD8500E52BF1 /* BorderExtension.swift */,
				FA3407AA2DD3AD8500E52BF1 /* ColorExtension.swift */,
				FA3407AB2DD3AD8500E52BF1 /* FontExtension.swift */,
				FA3407AC2DD3AD8500E52BF1 /* GradientExtension.swift */,
				FA3407AD2DD3AD8500E52BF1 /* RadiusExtension.swift */,
				FA3407AE2DD3AD8500E52BF1 /* ShadowExtension.swift */,
			);
			path = Styles;
			sourceTree = "<group>";
		};
		FAF1AC7D2DC036F2002E815B = {
			isa = PBXGroup;
			children = (
				FA3407AF2DD3AD8500E52BF1 /* Styles */,
				FAF1AC882DC036F2002E815B /* Design System Test */,
				FAF1AC962DC036F3002E815B /* Design System TestTests */,
				FAF1ACA02DC036F3002E815B /* Design System TestUITests */,
				FAF1AC872DC036F2002E815B /* Products */,
			);
			sourceTree = "<group>";
		};
		FAF1AC872DC036F2002E815B /* Products */ = {
			isa = PBXGroup;
			children = (
				FAF1AC862DC036F2002E815B /* Design System Test.app */,
				FAF1AC932DC036F3002E815B /* Design System TestTests.xctest */,
				FAF1AC9D2DC036F3002E815B /* Design System TestUITests.xctest */,
			);
			name = Products;
			sourceTree = "<group>";
		};
/* End PBXGroup section */

/* Begin PBXNativeTarget section */
		FAF1AC852DC036F2002E815B /* Design System Test */ = {
			isa = PBXNativeTarget;
			buildConfigurationList = FAF1ACA72DC036F3002E815B /* Build configuration list for PBXNativeTarget "Design System Test" */;
			buildPhases = (
				FAF1AC822DC036F2002E815B /* Sources */,
				FAF1AC832DC036F2002E815B /* Frameworks */,
				FAF1AC842DC036F2002E815B /* Resources */,
			);
			buildRules = (
			);
			dependencies = (
			);
			fileSystemSynchronizedGroups = (
				FAF1AC882DC036F2002E815B /* Design System Test */,
			);
			name = "Design System Test";
			packageProductDependencies = (
			);
			productName = "Design System Test";
			productReference = FAF1AC862DC036F2002E815B /* Design System Test.app */;
			productType = "com.apple.product-type.application";
		};
		FAF1AC922DC036F3002E815B /* Design System TestTests */ = {
			isa = PBXNativeTarget;
			buildConfigurationList = FAF1ACAA2DC036F3002E815B /* Build configuration list for PBXNativeTarget "Design System TestTests" */;
			buildPhases = (
				FAF1AC8F2DC036F3002E815B /* Sources */,
				FAF1AC902DC036F3002E815B /* Frameworks */,
				FAF1AC912DC036F3002E815B /* Resources */,
			);
			buildRules = (
			);
			dependencies = (
				FAF1AC952DC036F3002E815B /* PBXTargetDependency */,
			);
			fileSystemSynchronizedGroups = (
				FAF1AC962DC036F3002E815B /* Design System TestTests */,
			);
			name = "Design System TestTests";
			packageProductDependencies = (
			);
			productName = "Design System TestTests";
			productReference = FAF1AC932DC036F3002E815B /* Design System TestTests.xctest */;
			productType = "com.apple.product-type.bundle.unit-test";
		};
		FAF1AC9C2DC036F3002E815B /* Design System TestUITests */ = {
			isa = PBXNativeTarget;
			buildConfigurationList = FAF1ACAD2DC036F3002E815B /* Build configuration list for PBXNativeTarget "Design System TestUITests" */;
			buildPhases = (
				FAF1AC992DC036F3002E815B /* Sources */,
				FAF1AC9A2DC036F3002E815B /* Frameworks */,
				FAF1AC9B2DC036F3002E815B /* Resources */,
			);
			buildRules = (
			);
			dependencies = (
				FAF1AC9F2DC036F3002E815B /* PBXTargetDependency */,
			);
			fileSystemSynchronizedGroups = (
				FAF1ACA02DC036F3002E815B /* Design System TestUITests */,
			);
			name = "Design System TestUITests";
			packageProductDependencies = (
			);
			productName = "Design System TestUITests";
			productReference = FAF1AC9D2DC036F3002E815B /* Design System TestUITests.xctest */;
			productType = "com.apple.product-type.bundle.ui-testing";
		};
/* End PBXNativeTarget section */

/* Begin PBXProject section */
		FAF1AC7E2DC036F2002E815B /* Project object */ = {
			isa = PBXProject;
			attributes = {
				BuildIndependentTargetsInParallel = 1;
				LastSwiftUpdateCheck = 1630;
				LastUpgradeCheck = 1630;
				TargetAttributes = {
					FAF1AC852DC036F2002E815B = {
						CreatedOnToolsVersion = 16.3;
					};
					FAF1AC922DC036F3002E815B = {
						CreatedOnToolsVersion = 16.3;
						TestTargetID = FAF1AC852DC036F2002E815B;
					};
					FAF1AC9C2DC036F3002E815B = {
						CreatedOnToolsVersion = 16.3;
						TestTargetID = FAF1AC852DC036F2002E815B;
					};
				};
			};
			buildConfigurationList = FAF1AC812DC036F2002E815B /* Build configuration list for PBXProject "Design System Test" */;
			developmentRegion = en;
			hasScannedForEncodings = 0;
			knownRegions = (
				en,
				Base,
			);
			mainGroup = FAF1AC7D2DC036F2002E815B;
			minimizedProjectReferenceProxies = 1;
			preferredProjectObjectVersion = 77;
			productRefGroup = FAF1AC872DC036F2002E815B /* Products */;
			projectDirPath = "";
			projectRoot = "";
			targets = (
				FAF1AC852DC036F2002E815B /* Design System Test */,
				FAF1AC922DC036F3002E815B /* Design System TestTests */,
				FAF1AC9C2DC036F3002E815B /* Design System TestUITests */,
			);
		};
/* End PBXProject section */

/* Begin PBXResourcesBuildPhase section */
		FAF1AC842DC036F2002E815B /* Resources */ = {
			isa = PBXResourcesBuildPhase;
			buildActionMask = 2147483647;
			files = (
			);
			runOnlyForDeploymentPostprocessing = 0;
		};
		FAF1AC912DC036F3002E815B /* Resources */ = {
			isa = PBXResourcesBuildPhase;
			buildActionMask = 2147483647;
			files = (
			);
			runOnlyForDeploymentPostprocessing = 0;
		};
		FAF1AC9B2DC036F3002E815B /* Resources */ = {
			isa = PBXResourcesBuildPhase;
			buildActionMask = 2147483647;
			files = (
			);
			runOnlyForDeploymentPostprocessing = 0;
		};
/* End PBXResourcesBuildPhase section */

/* Begin PBXSourcesBuildPhase section */
		FAF1AC822DC036F2002E815B /* Sources */ = {
			isa = PBXSourcesBuildPhase;
			buildActionMask = 2147483647;
			files = (
				FA3407B02DD3AD8500E52BF1 /* FontExtension.swift in Sources */,
				FA3407B12DD3AD8500E52BF1 /* ShadowExtension.swift in Sources */,
				FA3407B22DD3AD8500E52BF1 /* AppMeasures.swift in Sources */,
				FA3407B32DD3AD8500E52BF1 /* ColorExtension.swift in Sources */,
				FA3407B42DD3AD8500E52BF1 /* BorderExtension.swift in Sources */,
				FA3407B52DD3AD8500E52BF1 /* GradientExtension.swift in Sources */,
				FA3407B62DD3AD8500E52BF1 /* RadiusExtension.swift in Sources */,
			);
			runOnlyForDeploymentPostprocessing = 0;
		};
		FAF1AC8F2DC036F3002E815B /* Sources */ = {
			isa = PBXSourcesBuildPhase;
			buildActionMask = 2147483647;
			files = (
			);
			runOnlyForDeploymentPostprocessing = 0;
		};
		FAF1AC992DC036F3002E815B /* Sources */ = {
			isa = PBXSourcesBuildPhase;
			buildActionMask = 2147483647;
			files = (
			);
			runOnlyForDeploymentPostprocessing = 0;
		};
/* End PBXSourcesBuildPhase section */

/* Begin PBXTargetDependency section */
		FAF1AC952DC036F3002E815B /* PBXTargetDependency */ = {
			isa = PBXTargetDependency;
			target = FAF1AC852DC036F2002E815B /* Design System Test */;
			targetProxy = FAF1AC942DC036F3002E815B /* PBXContainerItemProxy */;
		};
		FAF1AC9F2DC036F3002E815B /* PBXTargetDependency */ = {
			isa = PBXTargetDependency;
			target = FAF1AC852DC036F2002E815B /* Design System Test */;
			targetProxy = FAF1AC9E2DC036F3002E815B /* PBXContainerItemProxy */;
		};
/* End PBXTargetDependency section */

/* Begin XCBuildConfiguration section */
		FAF1ACA52DC036F3002E815B /* Debug */ = {
			isa = XCBuildConfiguration;
			buildSettings = {
				ALWAYS_SEARCH_USER_PATHS = NO;
				ASSETCATALOG_COMPILER_GENERATE_SWIFT_ASSET_SYMBOL_EXTENSIONS = YES;
				CLANG_ANALYZER_NONNULL = YES;
				CLANG_ANALYZER_NUMBER_OBJECT_CONVERSION = YES_AGGRESSIVE;
				CLANG_CXX_LANGUAGE_STANDARD = "gnu++20";
				CLANG_ENABLE_MODULES = YES;
				CLANG_ENABLE_OBJC_ARC = YES;
				CLANG_ENABLE_OBJC_WEAK = YES;
				CLANG_WARN_BLOCK_CAPTURE_AUTORELEASING = YES;
				CLANG_WARN_BOOL_CONVERSION = YES;
				CLANG_WARN_COMMA = YES;
				CLANG_WARN_CONSTANT_CONVERSION = YES;
				CLANG_WARN_DEPRECATED_OBJC_IMPLEMENTATIONS = YES;
				CLANG_WARN_DIRECT_OBJC_ISA_USAGE = YES_ERROR;
				CLANG_WARN_DOCUMENTATION_COMMENTS = YES;
				CLANG_WARN_EMPTY_BODY = YES;
				CLANG_WARN_ENUM_CONVERSION = YES;
				CLANG_WARN_INFINITE_RECURSION = YES;
				CLANG_WARN_INT_CONVERSION = YES;
				CLANG_WARN_NON_LITERAL_NULL_CONVERSION = YES;
				CLANG_WARN_OBJC_IMPLICIT_RETAIN_SELF = YES;
				CLANG_WARN_OBJC_LITERAL_CONVERSION = YES;
				CLANG_WARN_OBJC_ROOT_CLASS = YES_ERROR;
				CLANG_WARN_QUOTED_INCLUDE_IN_FRAMEWORK_HEADER = YES;
				CLANG_WARN_RANGE_LOOP_ANALYSIS = YES;
				CLANG_WARN_STRICT_PROTOTYPES = YES;
				CLANG_WARN_SUSPICIOUS_MOVE = YES;
				CLANG_WARN_UNGUARDED_AVAILABILITY = YES_AGGRESSIVE;
				CLANG_WARN_UNREACHABLE_CODE = YES;
				CLANG_WARN__DUPLICATE_METHOD_MATCH = YES;
				COPY_PHASE_STRIP = NO;
				DEBUG_INFORMATION_FORMAT = dwarf;
				DEVELOPMENT_TEAM = GU98HD867J;
				ENABLE_STRICT_OBJC_MSGSEND = YES;
				ENABLE_TESTABILITY = YES;
				ENABLE_USER_SCRIPT_SANDBOXING = YES;
				GCC_C_LANGUAGE_STANDARD = gnu17;
				GCC_DYNAMIC_NO_PIC = NO;
				GCC_NO_COMMON_BLOCKS = YES;
				GCC_OPTIMIZATION_LEVEL = 0;
				GCC_PREPROCESSOR_DEFINITIONS = (
					"DEBUG=1",
					"$(inherited)",
				);
				GCC_WARN_64_TO_32_BIT_CONVERSION = YES;
				GCC_WARN_ABOUT_RETURN_TYPE = YES_ERROR;
				GCC_WARN_UNDECLARED_SELECTOR = YES;
				GCC_WARN_UNINITIALIZED_AUTOS = YES_AGGRESSIVE;
				GCC_WARN_UNUSED_FUNCTION = YES;
				GCC_WARN_UNUSED_VARIABLE = YES;
				IPHONEOS_DEPLOYMENT_TARGET = 18.4;
				LOCALIZATION_PREFERS_STRING_CATALOGS = YES;
				MTL_ENABLE_DEBUG_INFO = INCLUDE_SOURCE;
				MTL_FAST_MATH = YES;
				ONLY_ACTIVE_ARCH = YES;
				SDKROOT = iphoneos;
				SWIFT_ACTIVE_COMPILATION_CONDITIONS = "DEBUG $(inherited)";
				SWIFT_OPTIMIZATION_LEVEL = "-Onone";
			};
			name = Debug;
		};
		FAF1ACA62DC036F3002E815B /* Release */ = {
			isa = XCBuildConfiguration;
			buildSettings = {
				ALWAYS_SEARCH_USER_PATHS = NO;
				ASSETCATALOG_COMPILER_GENERATE_SWIFT_ASSET_SYMBOL_EXTENSIONS = YES;
				CLANG_ANALYZER_NONNULL = YES;
				CLANG_ANALYZER_NUMBER_OBJECT_CONVERSION = YES_AGGRESSIVE;
				CLANG_CXX_LANGUAGE_STANDARD = "gnu++20";
				CLANG_ENABLE_MODULES = YES;
				CLANG_ENABLE_OBJC_ARC = YES;
				CLANG_ENABLE_OBJC_WEAK = YES;
				CLANG_WARN_BLOCK_CAPTURE_AUTORELEASING = YES;
				CLANG_WARN_BOOL_CONVERSION = YES;
				CLANG_WARN_COMMA = YES;
				CLANG_WARN_CONSTANT_CONVERSION = YES;
				CLANG_WARN_DEPRECATED_OBJC_IMPLEMENTATIONS = YES;
				CLANG_WARN_DIRECT_OBJC_ISA_USAGE = YES_ERROR;
				CLANG_WARN_DOCUMENTATION_COMMENTS = YES;
				CLANG_WARN_EMPTY_BODY = YES;
				CLANG_WARN_ENUM_CONVERSION = YES;
				CLANG_WARN_INFINITE_RECURSION = YES;
				CLANG_WARN_INT_CONVERSION = YES;
				CLANG_WARN_NON_LITERAL_NULL_CONVERSION = YES;
				CLANG_WARN_OBJC_IMPLICIT_RETAIN_SELF = YES;
				CLANG_WARN_OBJC_LITERAL_CONVERSION = YES;
				CLANG_WARN_OBJC_ROOT_CLASS = YES_ERROR;
				CLANG_WARN_QUOTED_INCLUDE_IN_FRAMEWORK_HEADER = YES;
				CLANG_WARN_RANGE_LOOP_ANALYSIS = YES;
				CLANG_WARN_STRICT_PROTOTYPES = YES;
				CLANG_WARN_SUSPICIOUS_MOVE = YES;
				CLANG_WARN_UNGUARDED_AVAILABILITY = YES_AGGRESSIVE;
				CLANG_WARN_UNREACHABLE_CODE = YES;
				CLANG_WARN__DUPLICATE_METHOD_MATCH = YES;
				COPY_PHASE_STRIP = NO;
				DEBUG_INFORMATION_FORMAT = "dwarf-with-dsym";
				DEVELOPMENT_TEAM = GU98HD867J;
				ENABLE_NS_ASSERTIONS = NO;
				ENABLE_STRICT_OBJC_MSGSEND = YES;
				ENABLE_USER_SCRIPT_SANDBOXING = YES;
				GCC_C_LANGUAGE_STANDARD = gnu17;
				GCC_NO_COMMON_BLOCKS = YES;
				GCC_WARN_64_TO_32_BIT_CONVERSION = YES;
				GCC_WARN_ABOUT_RETURN_TYPE = YES_ERROR;
				GCC_WARN_UNDECLARED_SELECTOR = YES;
				GCC_WARN_UNINITIALIZED_AUTOS = YES_AGGRESSIVE;
				GCC_WARN_UNUSED_FUNCTION = YES;
				GCC_WARN_UNUSED_VARIABLE = YES;
				IPHONEOS_DEPLOYMENT_TARGET = 18.4;
				LOCALIZATION_PREFERS_STRING_CATALOGS = YES;
				MTL_ENABLE_DEBUG_INFO = NO;
				MTL_FAST_MATH = YES;
				SDKROOT = iphoneos;
				SWIFT_COMPILATION_MODE = wholemodule;
				VALIDATE_PRODUCT = YES;
			};
			name = Release;
		};
		FAF1ACA82DC036F3002E815B /* Debug */ = {
			isa = XCBuildConfiguration;
			buildSettings = {
				ASSETCATALOG_COMPILER_APPICON_NAME = AppIcon;
				ASSETCATALOG_COMPILER_GLOBAL_ACCENT_COLOR_NAME = AccentColor;
				CODE_SIGN_STYLE = Automatic;
				CURRENT_PROJECT_VERSION = 1;
				DEVELOPMENT_TEAM = GU98HD867J;
				ENABLE_PREVIEWS = YES;
				GENERATE_INFOPLIST_FILE = YES;
				INFOPLIST_KEY_UIApplicationSceneManifest_Generation = YES;
				INFOPLIST_KEY_UIApplicationSupportsIndirectInputEvents = YES;
				INFOPLIST_KEY_UILaunchScreen_Generation = YES;
				INFOPLIST_KEY_UISupportedInterfaceOrientations_iPad = "UIInterfaceOrientationPortrait UIInterfaceOrientationPortraitUpsideDown UIInterfaceOrientationLandscapeLeft UIInterfaceOrientationLandscapeRight";
				INFOPLIST_KEY_UISupportedInterfaceOrientations_iPhone = "UIInterfaceOrientationPortrait UIInterfaceOrientationLandscapeLeft UIInterfaceOrientationLandscapeRight";
				LD_RUNPATH_SEARCH_PATHS = (
					"$(inherited)",
					"@executable_path/Frameworks",
				);
				MARKETING_VERSION = 1.0;
				PRODUCT_BUNDLE_IDENTIFIER = "manuyetilee.Design-System-Test";
				PRODUCT_NAME = "$(TARGET_NAME)";
				SWIFT_EMIT_LOC_STRINGS = YES;
				SWIFT_VERSION = 5.0;
				TARGETED_DEVICE_FAMILY = "1,2";
			};
			name = Debug;
		};
		FAF1ACA92DC036F3002E815B /* Release */ = {
			isa = XCBuildConfiguration;
			buildSettings = {
				ASSETCATALOG_COMPILER_APPICON_NAME = AppIcon;
				ASSETCATALOG_COMPILER_GLOBAL_ACCENT_COLOR_NAME = AccentColor;
				CODE_SIGN_STYLE = Automatic;
				CURRENT_PROJECT_VERSION = 1;
				DEVELOPMENT_TEAM = GU98HD867J;
				ENABLE_PREVIEWS = YES;
				GENERATE_INFOPLIST_FILE = YES;
				INFOPLIST_KEY_UIApplicationSceneManifest_Generation = YES;
				INFOPLIST_KEY_UIApplicationSupportsIndirectInputEvents = YES;
				INFOPLIST_KEY_UILaunchScreen_Generation = YES;
				INFOPLIST_KEY_UISupportedInterfaceOrientations_iPad = "UIInterfaceOrientationPortrait UIInterfaceOrientationPortraitUpsideDown UIInterfaceOrientationLandscapeLeft UIInterfaceOrientationLandscapeRight";
				INFOPLIST_KEY_UISupportedInterfaceOrientations_iPhone = "UIInterfaceOrientationPortrait UIInterfaceOrientationLandscapeLeft UIInterfaceOrientationLandscapeRight";
				LD_RUNPATH_SEARCH_PATHS = (
					"$(inherited)",
					"@executable_path/Frameworks",
				);
				MARKETING_VERSION = 1.0;
				PRODUCT_BUNDLE_IDENTIFIER = "manuyetilee.Design-System-Test";
				PRODUCT_NAME = "$(TARGET_NAME)";
				SWIFT_EMIT_LOC_STRINGS = YES;
				SWIFT_VERSION = 5.0;
				TARGETED_DEVICE_FAMILY = "1,2";
			};
			name = Release;
		};
		FAF1ACAB2DC036F3002E815B /* Debug */ = {
			isa = XCBuildConfiguration;
			buildSettings = {
				BUNDLE_LOADER = "$(TEST_HOST)";
				CODE_SIGN_STYLE = Automatic;
				CURRENT_PROJECT_VERSION = 1;
				DEVELOPMENT_TEAM = GU98HD867J;
				GENERATE_INFOPLIST_FILE = YES;
				IPHONEOS_DEPLOYMENT_TARGET = 18.4;
				MARKETING_VERSION = 1.0;
				PRODUCT_BUNDLE_IDENTIFIER = "manuyetilee.Design-System-TestTests";
				PRODUCT_NAME = "$(TARGET_NAME)";
				SWIFT_EMIT_LOC_STRINGS = NO;
				SWIFT_VERSION = 5.0;
				TARGETED_DEVICE_FAMILY = "1,2";
				TEST_HOST = "$(BUILT_PRODUCTS_DIR)/Design System Test.app/$(BUNDLE_EXECUTABLE_FOLDER_PATH)/Design System Test";
			};
			name = Debug;
		};
		FAF1ACAC2DC036F3002E815B /* Release */ = {
			isa = XCBuildConfiguration;
			buildSettings = {
				BUNDLE_LOADER = "$(TEST_HOST)";
				CODE_SIGN_STYLE = Automatic;
				CURRENT_PROJECT_VERSION = 1;
				DEVELOPMENT_TEAM = GU98HD867J;
				GENERATE_INFOPLIST_FILE = YES;
				IPHONEOS_DEPLOYMENT_TARGET = 18.4;
				MARKETING_VERSION = 1.0;
				PRODUCT_BUNDLE_IDENTIFIER = "manuyetilee.Design-System-TestTests";
				PRODUCT_NAME = "$(TARGET_NAME)";
				SWIFT_EMIT_LOC_STRINGS = NO;
				SWIFT_VERSION = 5.0;
				TARGETED_DEVICE_FAMILY = "1,2";
				TEST_HOST = "$(BUILT_PRODUCTS_DIR)/Design System Test.app/$(BUNDLE_EXECUTABLE_FOLDER_PATH)/Design System Test";
			};
			name = Release;
		};
		FAF1ACAE2DC036F3002E815B /* Debug */ = {
			isa = XCBuildConfiguration;
			buildSettings = {
				CODE_SIGN_STYLE = Automatic;
				CURRENT_PROJECT_VERSION = 1;
				DEVELOPMENT_TEAM = GU98HD867J;
				GENERATE_INFOPLIST_FILE = YES;
				MARKETING_VERSION = 1.0;
				PRODUCT_BUNDLE_IDENTIFIER = "manuyetilee.Design-System-TestUITests";
				PRODUCT_NAME = "$(TARGET_NAME)";
				SWIFT_EMIT_LOC_STRINGS = NO;
				SWIFT_VERSION = 5.0;
				TARGETED_DEVICE_FAMILY = "1,2";
				TEST_TARGET_NAME = "Design System Test";
			};
			name = Debug;
		};
		FAF1ACAF2DC036F3002E815B /* Release */ = {
			isa = XCBuildConfiguration;
			buildSettings = {
				CODE_SIGN_STYLE = Automatic;
				CURRENT_PROJECT_VERSION = 1;
				DEVELOPMENT_TEAM = GU98HD867J;
				GENERATE_INFOPLIST_FILE = YES;
				MARKETING_VERSION = 1.0;
				PRODUCT_BUNDLE_IDENTIFIER = "manuyetilee.Design-System-TestUITests";
				PRODUCT_NAME = "$(TARGET_NAME)";
				SWIFT_EMIT_LOC_STRINGS = NO;
				SWIFT_VERSION = 5.0;
				TARGETED_DEVICE_FAMILY = "1,2";
				TEST_TARGET_NAME = "Design System Test";
			};
			name = Release;
		};
/* End XCBuildConfiguration section */

/* Begin XCConfigurationList section */
		FAF1AC812DC036F2002E815B /* Build configuration list for PBXProject "Design System Test" */ = {
			isa = XCConfigurationList;
			buildConfigurations = (
				FAF1ACA52DC036F3002E815B /* Debug */,
				FAF1ACA62DC036F3002E815B /* Release */,
			);
			defaultConfigurationIsVisible = 0;
			defaultConfigurationName = Release;
		};
		FAF1ACA72DC036F3002E815B /* Build configuration list for PBXNativeTarget "Design System Test" */ = {
			isa = XCConfigurationList;
			buildConfigurations = (
				FAF1ACA82DC036F3002E815B /* Debug */,
				FAF1ACA92DC036F3002E815B /* Release */,
			);
			defaultConfigurationIsVisible = 0;
			defaultConfigurationName = Release;
		};
		FAF1ACAA2DC036F3002E815B /* Build configuration list for PBXNativeTarget "Design System TestTests" */ = {
			isa = XCConfigurationList;
			buildConfigurations = (
				FAF1ACAB2DC036F3002E815B /* Debug */,
				FAF1ACAC2DC036F3002E815B /* Release */,
			);
			defaultConfigurationIsVisible = 0;
			defaultConfigurationName = Release;
		};
		FAF1ACAD2DC036F3002E815B /* Build configuration list for PBXNativeTarget "Design System TestUITests" */ = {
			isa = XCConfigurationList;
			buildConfigurations = (
				FAF1ACAE2DC036F3002E815B /* Debug */,
				FAF1ACAF2DC036F3002E815B /* Release */,
			);
			defaultConfigurationIsVisible = 0;
			defaultConfigurationName = Release;
		};
/* End XCConfigurationList section */
	};
	rootObject = FAF1AC7E2DC036F2002E815B /* Project object */;
}
